Microsoft Visual Studio Solution File, Format Version 12.00
# Visual Studio Version 17
VisualStudioVersion = 17.5.2.0
MinimumVisualStudioVersion = 10.0.40219.1
Project("{FAE04EC0-301F-11D3-BF4B-00C04F79EFBC}") = "http_setting_server", "http_setting_server\http_setting_server.csproj", "{7E9D7FE1-C581-7324-ADD8-654E12E2D1D3}"
EndProject
Global
	GlobalSection(SolutionConfigurationPlatforms) = preSolution
		Debug|Any CPU = Debug|Any CPU
		Release|Any CPU = Release|Any CPU
	EndGlobalSection
	GlobalSection(ProjectConfigurationPlatforms) = postSolution
		{7E9D7FE1-C581-7324-ADD8-654E12E2D1D3}.Debug|Any CPU.ActiveCfg = Debug|Any CPU
		{7E9D7FE1-C581-7324-ADD8-654E12E2D1D3}.Debug|Any CPU.Build.0 = Debug|Any CPU
		{7E9D7FE1-C581-7324-ADD8-654E12E2D1D3}.Release|Any CPU.ActiveCfg = Release|Any CPU
		{7E9D7FE1-C581-7324-ADD8-654E12E2D1D3}.Release|Any CPU.Build.0 = Release|Any CPU
	EndGlobalSection
	GlobalSection(SolutionProperties) = preSolution
		HideSolutionNode = FALSE
	EndGlobalSection
	GlobalSection(ExtensibilityGlobals) = postSolution
		SolutionGuid = {56DF714D-8DBC-4925-9E56-A7A49F5F191E}
	EndGlobalSection
EndGlobal
